# This file is automatically @generated by Cargo.
# It is not intended for manual editing.
version = 3

[[package]]
name = "assert_float_eq"
version = "1.1.3"
source = "registry+https://github.com/rust-lang/crates.io-index"
checksum = "4cea652ffbedecf29e9cd41bb4c066881057a42c0c119040f022802b26853e77"

[[package]]
name = "enterpolation"
version = "0.1.0"
dependencies = [
 "assert_float_eq",
]
